
Microsoft Visual Studio Solution File, Format Version 12.00
# Visual Studio Version 17
VisualStudioVersion = 17.8.34316.72
MinimumVisualStudioVersion = 10.0.40219.1
Project("{8BC9CEB8-8B4A-11D0-8D11-00A0C91BC942}") = "Task 1", "Task 1\Task 1.vcxproj", "{4CCBC7E9-500C-40AC-ADF3-C3494F8E0490}"
EndProject
Project("{8BC9CEB8-8B4A-11D0-8D11-00A0C91BC942}") = "Task 2", "Task 2\Task 2.vcxproj", "{946D89AE-CB6A-4284-B72C-25CA49D00737}"
EndProject
Project("{8BC9CEB8-8B4A-11D0-8D11-00A0C91BC942}") = "Task 3", "Task 3\Task 3.vcxproj", "{680CD384-365D-4950-8B11-C7F91DCEA6E8}"
EndProject
Project("{8BC9CEB8-8B4A-11D0-8D11-00A0C91BC942}") = "Task 4", "Task 4\Task 4.vcxproj", "{AA6AA973-245E-4BF7-8F97-A355DB0C07CA}"
EndProject
Project("{8BC9CEB8-8B4A-11D0-8D11-00A0C91BC942}") = "Task 5", "Task 5\Task 5.vcxproj", "{074BC239-0C04-4422-A43F-67A3609646E7}"
EndProject
Project("{8BC9CEB8-8B4A-11D0-8D11-00A0C91BC942}") = "Task 6", "Task 6\Task 6.vcxproj", "{D8B7220A-058C-4803-9F50-E6AEE4DA983C}"
EndProject
Global
	GlobalSection(SolutionConfigurationPlatforms) = preSolution
		Debug|x64 = Debug|x64
		Debug|x86 = Debug|x86
		Release|x64 = Release|x64
		Release|x86 = Release|x86
	EndGlobalSection
	GlobalSection(ProjectConfigurationPlatforms) = postSolution
		{4CCBC7E9-500C-40AC-ADF3-C3494F8E0490}.Debug|x64.ActiveCfg = Debug|x64
		{4CCBC7E9-500C-40AC-ADF3-C3494F8E0490}.Debug|x64.Build.0 = Debug|x64
		{4CCBC7E9-500C-40AC-ADF3-C3494F8E0490}.Debug|x86.ActiveCfg = Debug|Win32
		{4CCBC7E9-500C-40AC-ADF3-C3494F8E0490}.Debug|x86.Build.0 = Debug|Win32
		{4CCBC7E9-500C-40AC-ADF3-C3494F8E0490}.Release|x64.ActiveCfg = Release|x64
		{4CCBC7E9-500C-40AC-ADF3-C3494F8E0490}.Release|x64.Build.0 = Release|x64
		{4CCBC7E9-500C-40AC-ADF3-C3494F8E0490}.Release|x86.ActiveCfg = Release|Win32
		{4CCBC7E9-500C-40AC-ADF3-C3494F8E0490}.Release|x86.Build.0 = Release|Win32
		{946D89AE-CB6A-4284-B72C-25CA49D00737}.Debug|x64.ActiveCfg = Debug|x64
		{946D89AE-CB6A-4284-B72C-25CA49D00737}.Debug|x64.Build.0 = Debug|x64
		{946D89AE-CB6A-4284-B72C-25CA49D00737}.Debug|x86.ActiveCfg = Debug|Win32
		{946D89AE-CB6A-4284-B72C-25CA49D00737}.Debug|x86.Build.0 = Debug|Win32
		{946D89AE-CB6A-4284-B72C-25CA49D00737}.Release|x64.ActiveCfg = Release|x64
		{946D89AE-CB6A-4284-B72C-25CA49D00737}.Release|x64.Build.0 = Release|x64
		{946D89AE-CB6A-4284-B72C-25CA49D00737}.Release|x86.ActiveCfg = Release|Win32
		{946D89AE-CB6A-4284-B72C-25CA49D00737}.Release|x86.Build.0 = Release|Win32
		{680CD384-365D-4950-8B11-C7F91DCEA6E8}.Debug|x64.ActiveCfg = Debug|x64
		{680CD384-365D-4950-8B11-C7F91DCEA6E8}.Debug|x64.Build.0 = Debug|x64
		{680CD384-365D-4950-8B11-C7F91DCEA6E8}.Debug|x86.ActiveCfg = Debug|Win32
		{680CD384-365D-4950-8B11-C7F91DCEA6E8}.Debug|x86.Build.0 = Debug|Win32
		{680CD384-365D-4950-8B11-C7F91DCEA6E8}.Release|x64.ActiveCfg = Release|x64
		{680CD384-365D-4950-8B11-C7F91DCEA6E8}.Release|x64.Build.0 = Release|x64
		{680CD384-365D-4950-8B11-C7F91DCEA6E8}.Release|x86.ActiveCfg = Release|Win32
		{680CD384-365D-4950-8B11-C7F91DCEA6E8}.Release|x86.Build.0 = Release|Win32
		{AA6AA973-245E-4BF7-8F97-A355DB0C07CA}.Debug|x64.ActiveCfg = Debug|x64
		{AA6AA973-245E-4BF7-8F97-A355DB0C07CA}.Debug|x64.Build.0 = Debug|x64
		{AA6AA973-245E-4BF7-8F97-A355DB0C07CA}.Debug|x86.ActiveCfg = Debug|Win32
		{AA6AA973-245E-4BF7-8F97-A355DB0C07CA}.Debug|x86.Build.0 = Debug|Win32
		{AA6AA973-245E-4BF7-8F97-A355DB0C07CA}.Release|x64.ActiveCfg = Release|x64
		{AA6AA973-245E-4BF7-8F97-A355DB0C07CA}.Release|x64.Build.0 = Release|x64
		{AA6AA973-245E-4BF7-8F97-A355DB0C07CA}.Release|x86.ActiveCfg = Release|Win32
		{AA6AA973-245E-4BF7-8F97-A355DB0C07CA}.Release|x86.Build.0 = Release|Win32
		{074BC239-0C04-4422-A43F-67A3609646E7}.Debug|x64.ActiveCfg = Debug|x64
		{074BC239-0C04-4422-A43F-67A3609646E7}.Debug|x64.Build.0 = Debug|x64
		{074BC239-0C04-4422-A43F-67A3609646E7}.Debug|x86.ActiveCfg = Debug|Win32
		{074BC239-0C04-4422-A43F-67A3609646E7}.Debug|x86.Build.0 = Debug|Win32
		{074BC239-0C04-4422-A43F-67A3609646E7}.Release|x64.ActiveCfg = Release|x64
		{074BC239-0C04-4422-A43F-67A3609646E7}.Release|x64.Build.0 = Release|x64
		{074BC239-0C04-4422-A43F-67A3609646E7}.Release|x86.ActiveCfg = Release|Win32
		{074BC239-0C04-4422-A43F-67A3609646E7}.Release|x86.Build.0 = Release|Win32
		{D8B7220A-058C-4803-9F50-E6AEE4DA983C}.Debug|x64.ActiveCfg = Debug|x64
		{D8B7220A-058C-4803-9F50-E6AEE4DA983C}.Debug|x64.Build.0 = Debug|x64
		{D8B7220A-058C-4803-9F50-E6AEE4DA983C}.Debug|x86.ActiveCfg = Debug|Win32
		{D8B7220A-058C-4803-9F50-E6AEE4DA983C}.Debug|x86.Build.0 = Debug|Win32
		{D8B7220A-058C-4803-9F50-E6AEE4DA983C}.Release|x64.ActiveCfg = Release|x64
		{D8B7220A-058C-4803-9F50-E6AEE4DA983C}.Release|x64.Build.0 = Release|x64
		{D8B7220A-058C-4803-9F50-E6AEE4DA983C}.Release|x86.ActiveCfg = Release|Win32
		{D8B7220A-058C-4803-9F50-E6AEE4DA983C}.Release|x86.Build.0 = Release|Win32
	EndGlobalSection
	GlobalSection(SolutionProperties) = preSolution
		HideSolutionNode = FALSE
	EndGlobalSection
	GlobalSection(ExtensibilityGlobals) = postSolution
		SolutionGuid = {4D29DD48-B5BC-4C4C-970D-D65F0FC6BB12}
	EndGlobalSection
EndGlobal
